{
  "name": "Abematv-viewer",
  "version": "1.0.2",
  "lockfileVersion": 1,
  "requires": true,
  "dependencies": {
    "about-window": {
      "version": "1.10.0",
      "resolved": "https://registry.npmjs.org/about-window/-/about-window-1.10.0.tgz",
      "integrity": "sha512-jIzk0mS4aG9NmN9WwzH3kT9xAJHfeM6fMKawIEl/3cupjRc5BHBUqathuVDoJ2gKgJ8oTLi0UA+HtI7A3toanw=="
    }
  }
}
